<?xml version="1.0" encoding="utf-8"?>
<Project ToolsVersion="4.0" xmlns="http://schemas.microsoft.com/developer/msbuild/2003">
  <ItemGroup>
    <Filter Include="源文件">
      <UniqueIdentifier>{4FC737F1-C7A5-4376-A066-2A32D752A2FF}</UniqueIdentifier>
      <Extensions>cpp;c;cc;cxx;c++;cppm;ixx;def;odl;idl;hpj;bat;asm;asmx</Extensions>
    </Filter>
    <Filter Include="头文件">
      <UniqueIdentifier>{93995380-89BD-4b04-88EB-625FBE52EBFB}</UniqueIdentifier>
      <Extensions>h;hh;hpp;hxx;h++;hm;inl;inc;ipp;xsd</Extensions>
    </Filter>
    <Filter Include="资源文件">
      <UniqueIdentifier>{67DA6AB6-F800-4c08-8B7A-83BB121AAD01}</UniqueIdentifier>
      <Extensions>rc;ico;cur;bmp;dlg;rc2;rct;bin;rgs;gif;jpg;jpeg;jpe;resx;tiff;tif;png;wav;mfcribbon-ms</Extensions>
    </Filter>
    <Filter Include="源文件\第三章_处理数据">
      <UniqueIdentifier>{0f4408d7-e706-46c0-8f24-291d42cd4577}</UniqueIdentifier>
    </Filter>
    <Filter Include="源文件\第三章_处理数据\3.1简单变量">
      <UniqueIdentifier>{f66ee867-3b99-4ecf-8de0-5c05c12880c4}</UniqueIdentifier>
    </Filter>
    <Filter Include="源文件\第三章_处理数据\3.3浮点数">
      <UniqueIdentifier>{baefb5f5-f4cf-4431-ba6e-4c4f81c67fed}</UniqueIdentifier>
    </Filter>
    <Filter Include="源文件\第三章_处理数据\3.4算术运算符">
      <UniqueIdentifier>{ef481bdc-c5aa-48d5-9d8c-26c2c738e05f}</UniqueIdentifier>
    </Filter>
    <Filter Include="源文件\第四章_复合类型">
      <UniqueIdentifier>{0c9d209e-593a-465e-ae49-594e19494db0}</UniqueIdentifier>
    </Filter>
    <Filter Include="源文件\第四章_复合类型\4.1数组">
      <UniqueIdentifier>{520eeb54-6ae6-4b98-9918-37c130be03c3}</UniqueIdentifier>
    </Filter>
  </ItemGroup>
  <ItemGroup>
    <ClCompile Include="3-2-exceed.cpp">
      <Filter>源文件\第三章_处理数据\3.1简单变量</Filter>
    </ClCompile>
    <ClCompile Include="3-4-hexoct2.cpp">
      <Filter>源文件\第三章_处理数据\3.1简单变量</Filter>
    </ClCompile>
    <ClCompile Include="3-6-morechar.cpp">
      <Filter>源文件\第三章_处理数据\3.1简单变量</Filter>
    </ClCompile>
    <ClCompile Include="3-1-limits.cpp">
      <Filter>源文件\第三章_处理数据\3.1简单变量</Filter>
    </ClCompile>
    <ClCompile Include="3-8-floatnum.cpp">
      <Filter>源文件\第三章_处理数据\3.3浮点数</Filter>
    </ClCompile>
    <ClCompile Include="3-10-arith.cpp">
      <Filter>源文件\第三章_处理数据\3.4算术运算符</Filter>
    </ClCompile>
  </ItemGroup>
</Project>